
Microsoft Visual Studio Solution File, Format Version 12.00
# Visual Studio Version 17
VisualStudioVersion = 17.14.37012.4 d17.14
MinimumVisualStudioVersion = 10.0.40219.1
Project("{8BC9CEB8-8B4A-11D0-8D11-00A0C91BC942}") = "191-Number of 1 Bits", "191-Number of 1 Bits\191-Number of 1 Bits.vcxproj", "{BFFDE722-65AD-4D6E-B711-FF44DD4E0980}"
EndProject
Global
	GlobalSection(SolutionConfigurationPlatforms) = preSolution
		Debug|x64 = Debug|x64
		Debug|x86 = Debug|x86
		Release|x64 = Release|x64
		Release|x86 = Release|x86
	EndGlobalSection
	GlobalSection(ProjectConfigurationPlatforms) = postSolution
		{BFFDE722-65AD-4D6E-B711-FF44DD4E0980}.Debug|x64.ActiveCfg = Debug|x64
		{BFFDE722-65AD-4D6E-B711-FF44DD4E0980}.Debug|x64.Build.0 = Debug|x64
		{BFFDE722-65AD-4D6E-B711-FF44DD4E0980}.Debug|x86.ActiveCfg = Debug|Win32
		{BFFDE722-65AD-4D6E-B711-FF44DD4E0980}.Debug|x86.Build.0 = Debug|Win32
		{BFFDE722-65AD-4D6E-B711-FF44DD4E0980}.Release|x64.ActiveCfg = Release|x64
		{BFFDE722-65AD-4D6E-B711-FF44DD4E0980}.Release|x64.Build.0 = Release|x64
		{BFFDE722-65AD-4D6E-B711-FF44DD4E0980}.Release|x86.ActiveCfg = Release|Win32
		{BFFDE722-65AD-4D6E-B711-FF44DD4E0980}.Release|x86.Build.0 = Release|Win32
	EndGlobalSection
	GlobalSection(SolutionProperties) = preSolution
		HideSolutionNode = FALSE
	EndGlobalSection
	GlobalSection(ExtensibilityGlobals) = postSolution
		SolutionGuid = {79F7C045-1CA3-47F5-B853-DD8A841DB529}
	EndGlobalSection
EndGlobal
